
Microsoft Visual Studio Solution File, Format Version 12.00
# Visual Studio Version 17
VisualStudioVersion = 17.9.34723.18
MinimumVisualStudioVersion = 10.0.40219.1
Project("{FAE04EC0-301F-11D3-BF4B-00C04F79EFBC}") = "WPFnet", "WPFnet\WPFnet.csproj", "{948EAECE-E9C4-4A59-AD74-4241C27C8604}"
EndProject
Global
	GlobalSection(SolutionConfigurationPlatforms) = preSolution
		Debug|Any CPU = Debug|Any CPU
		Release|Any CPU = Release|Any CPU
	EndGlobalSection
	GlobalSection(ProjectConfigurationPlatforms) = postSolution
		{948EAECE-E9C4-4A59-AD74-4241C27C8604}.Debug|Any CPU.ActiveCfg = Debug|Any CPU
		{948EAECE-E9C4-4A59-AD74-4241C27C8604}.Debug|Any CPU.Build.0 = Debug|Any CPU
		{948EAECE-E9C4-4A59-AD74-4241C27C8604}.Release|Any CPU.ActiveCfg = Release|Any CPU
		{948EAECE-E9C4-4A59-AD74-4241C27C8604}.Release|Any CPU.Build.0 = Release|Any CPU
	EndGlobalSection
	GlobalSection(SolutionProperties) = preSolution
		HideSolutionNode = FALSE
	EndGlobalSection
	GlobalSection(ExtensibilityGlobals) = postSolution
		SolutionGuid = {C8C446A9-BE29-40D7-8361-54B85B9F1C2B}
	EndGlobalSection
EndGlobal
